
Microsoft Visual Studio Solution File, Format Version 12.00
# Visual Studio Version 17
VisualStudioVersion = 17.0.31903.59
MinimumVisualStudioVersion = 10.0.40219.1
Project("{FAE04EC0-301F-11D3-BF4B-00C04F79EFBC}") = "ChannelDungeons.Web", "src\ChannelDungeons.Web\ChannelDungeons.Web.csproj", "{46048205-5DF6-4D8B-8057-4ADDD15964DE}"
EndProject
Project("{FAE04EC0-301F-11D3-BF4B-00C04F79EFBC}") = "ChannelDungeons.Web.Tests", "src\ChannelDungeons.Web.Tests\ChannelDungeons.Web.Tests.csproj", "{D8FF6F05-C8F2-4EF2-B3BA-A4604471F02A}"
EndProject
Global
	GlobalSection(SolutionConfigurationPlatforms) = preSolution
		Debug|Any CPU = Debug|Any CPU
		Release|Any CPU = Release|Any CPU
	EndGlobalSection
	GlobalSection(ProjectConfigurationPlatforms) = postSolution
		{46048205-5DF6-4D8B-8057-4ADDD15964DE}.Debug|Any CPU.ActiveCfg = Debug|Any CPU
		{46048205-5DF6-4D8B-8057-4ADDD15964DE}.Debug|Any CPU.Build.0 = Debug|Any CPU
		{46048205-5DF6-4D8B-8057-4ADDD15964DE}.Release|Any CPU.ActiveCfg = Release|Any CPU
		{46048205-5DF6-4D8B-8057-4ADDD15964DE}.Release|Any CPU.Build.0 = Release|Any CPU
		{D8FF6F05-C8F2-4EF2-B3BA-A4604471F02A}.Debug|Any CPU.ActiveCfg = Debug|Any CPU
		{D8FF6F05-C8F2-4EF2-B3BA-A4604471F02A}.Debug|Any CPU.Build.0 = Debug|Any CPU
		{D8FF6F05-C8F2-4EF2-B3BA-A4604471F02A}.Release|Any CPU.ActiveCfg = Release|Any CPU
		{D8FF6F05-C8F2-4EF2-B3BA-A4604471F02A}.Release|Any CPU.Build.0 = Release|Any CPU
	EndGlobalSection
	GlobalSection(SolutionProperties) = preSolution
		HideSolutionNode = FALSE
	EndGlobalSection
EndGlobal
